// !$*UTF8*$!
{
	archiveVersion = 1;
	classes = {
	};
	objectVersion = 50;
	objects = {

/* Begin PBXBuildFile section */
		326877942785D45C001D5464 /* MovieVO.swift in Sources */ = {isa = PBXBuildFile; fileRef = 326877932785D45C001D5464 /* MovieVO.swift */; };
		326877992785D598001D5464 /* secret.jpg in Resources */ = {isa = PBXBuildFile; fileRef = 326877962785D598001D5464 /* secret.jpg */; };
		3268779A2785D598001D5464 /* rain.jpg in Resources */ = {isa = PBXBuildFile; fileRef = 326877972785D598001D5464 /* rain.jpg */; };
		3268779B2785D598001D5464 /* darknight.jpg in Resources */ = {isa = PBXBuildFile; fileRef = 326877982785D598001D5464 /* darknight.jpg */; };
		3268779E2785D5BB001D5464 /* MovieCell.swift in Sources */ = {isa = PBXBuildFile; fileRef = 3268779D2785D5BB001D5464 /* MovieCell.swift */; };
		326877A12785D647001D5464 /* ListViewController.swift in Sources */ = {isa = PBXBuildFile; fileRef = 326877A02785D647001D5464 /* ListViewController.swift */; };
		32ABC13C2782F0B6000F7F26 /* AppDelegate.swift in Sources */ = {isa = PBXBuildFile; fileRef = 32ABC13B2782F0B6000F7F26 /* AppDelegate.swift */; };
		32ABC13E2782F0B6000F7F26 /* SceneDelegate.swift in Sources */ = {isa = PBXBuildFile; fileRef = 32ABC13D2782F0B6000F7F26 /* SceneDelegate.swift */; };
		32ABC1402782F0B6000F7F26 /* ViewController.swift in Sources */ = {isa = PBXBuildFile; fileRef = 32ABC13F2782F0B6000F7F26 /* ViewController.swift */; };
		32ABC1432782F0B6000F7F26 /* Main.storyboard in Resources */ = {isa = PBXBuildFile; fileRef = 32ABC1412782F0B6000F7F26 /* Main.storyboard */; };
		32ABC1452782F0B9000F7F26 /* Assets.xcassets in Resources */ = {isa = PBXBuildFile; fileRef = 32ABC1442782F0B9000F7F26 /* Assets.xcassets */; };
		32ABC1482782F0B9000F7F26 /* LaunchScreen.storyboard in Resources */ = {isa = PBXBuildFile; fileRef = 32ABC1462782F0B9000F7F26 /* LaunchScreen.storyboard */; };
/* End PBXBuildFile section */

/* Begin PBXFileReference section */
		326877932785D45C001D5464 /* MovieVO.swift */ = {isa = PBXFileReference; lastKnownFileType = sourcecode.swift; path = MovieVO.swift; sourceTree = "<group>"; };
		326877962785D598001D5464 /* secret.jpg */ = {isa = PBXFileReference; lastKnownFileType = image.jpeg; name = secret.jpg; path = ../../../MyMovieChart_Custom02/MyMovieChart_Custom02/Resource/secret.jpg; sourceTree = "<group>"; };
		326877972785D598001D5464 /* rain.jpg */ = {isa = PBXFileReference; lastKnownFileType = image.jpeg; name = rain.jpg; path = ../../../MyMovieChart_Custom02/MyMovieChart_Custom02/Resource/rain.jpg; sourceTree = "<group>"; };
		326877982785D598001D5464 /* darknight.jpg */ = {isa = PBXFileReference; lastKnownFileType = image.jpeg; name = darknight.jpg; path = ../../../MyMovieChart_Custom02/MyMovieChart_Custom02/Resource/darknight.jpg; sourceTree = "<group>"; };
		3268779D2785D5BB001D5464 /* MovieCell.swift */ = {isa = PBXFileReference; lastKnownFileType = sourcecode.swift; path = MovieCell.swift; sourceTree = "<group>"; };
		326877A02785D647001D5464 /* ListViewController.swift */ = {isa = PBXFileReference; lastKnownFileType = sourcecode.swift; path = ListViewController.swift; sourceTree = "<group>"; };
		32ABC1382782F0B6000F7F26 /* MyMovieChart_OpenAPI.app */ = {isa = PBXFileReference; explicitFileType = wrapper.application; includeInIndex = 0; path = MyMovieChart_OpenAPI.app; sourceTree = BUILT_PRODUCTS_DIR; };
		32ABC13B2782F0B6000F7F26 /* AppDelegate.swift */ = {isa = PBXFileReference; lastKnownFileType = sourcecode.swift; path = AppDelegate.swift; sourceTree = "<group>"; };
		32ABC13D2782F0B6000F7F26 /* SceneDelegate.swift */ = {isa = PBXFileReference; lastKnownFileType = sourcecode.swift; path = SceneDelegate.swift; sourceTree = "<group>"; };
		32ABC13F2782F0B6000F7F26 /* ViewController.swift */ = {isa = PBXFileReference; lastKnownFileType = sourcecode.swift; path = ViewController.swift; sourceTree = "<group>"; };
		32ABC1422782F0B6000F7F26 /* Base */ = {isa = PBXFileReference; lastKnownFileType = file.storyboard; name = Base; path = Base.lproj/Main.storyboard; sourceTree = "<group>"; };
		32ABC1442782F0B9000F7F26 /* Assets.xcassets */ = {isa = PBXFileReference; lastKnownFileType = folder.assetcatalog; path = Assets.xcassets; sourceTree = "<group>"; };
		32ABC1472782F0B9000F7F26 /* Base */ = {isa = PBXFileReference; lastKnownFileType = file.storyboard; name = Base; path = Base.lproj/LaunchScreen.storyboard; sourceTree = "<group>"; };
		32ABC1492782F0B9000F7F26 /* Info.plist */ = {isa = PBXFileReference; lastKnownFileType = text.plist.xml; path = Info.plist; sourceTree = "<group>"; };
/* End PBXFileReference section */

/* Begin PBXFrameworksBuildPhase section */
		32ABC1352782F0B6000F7F26 /* Frameworks */ = {
			isa = PBXFrameworksBuildPhase;
			buildActionMask = 2147483647;
			files = (
			);
			runOnlyForDeploymentPostprocessing = 0;
		};
/* End PBXFrameworksBuildPhase section */

/* Begin PBXGroup section */
		326877952785D55C001D5464 /* Resource */ = {
			isa = PBXGroup;
			children = (
				326877982785D598001D5464 /* darknight.jpg */,
				326877972785D598001D5464 /* rain.jpg */,
				326877962785D598001D5464 /* secret.jpg */,
			);
			path = Resource;
			sourceTree = "<group>";
		};
		3268779C2785D5AC001D5464 /* Movie */ = {
			isa = PBXGroup;
			children = (
				326877932785D45C001D5464 /* MovieVO.swift */,
			);
			path = Movie;
			sourceTree = "<group>";
		};
		3268779F2785D62F001D5464 /* Controller */ = {
			isa = PBXGroup;
			children = (
				3268779D2785D5BB001D5464 /* MovieCell.swift */,
				32ABC13F2782F0B6000F7F26 /* ViewController.swift */,
				326877A02785D647001D5464 /* ListViewController.swift */,
			);
			path = Controller;
			sourceTree = "<group>";
		};
		32ABC12F2782F0B6000F7F26 = {
			isa = PBXGroup;
			children = (
				32ABC13A2782F0B6000F7F26 /* MyMovieChart_OpenAPI */,
				32ABC1392782F0B6000F7F26 /* Products */,
			);
			sourceTree = "<group>";
		};
		32ABC1392782F0B6000F7F26 /* Products */ = {
			isa = PBXGroup;
			children = (
				32ABC1382782F0B6000F7F26 /* MyMovieChart_OpenAPI.app */,
			);
			name = Products;
			sourceTree = "<group>";
		};
		32ABC13A2782F0B6000F7F26 /* MyMovieChart_OpenAPI */ = {
			isa = PBXGroup;
			children = (
				3268779F2785D62F001D5464 /* Controller */,
				3268779C2785D5AC001D5464 /* Movie */,
				326877952785D55C001D5464 /* Resource */,
				32ABC13B2782F0B6000F7F26 /* AppDelegate.swift */,
				32ABC13D2782F0B6000F7F26 /* SceneDelegate.swift */,
				32ABC1412782F0B6000F7F26 /* Main.storyboard */,
				32ABC1442782F0B9000F7F26 /* Assets.xcassets */,
				32ABC1462782F0B9000F7F26 /* LaunchScreen.storyboard */,
				32ABC1492782F0B9000F7F26 /* Info.plist */,
			);
			path = MyMovieChart_OpenAPI;
			sourceTree = "<group>";
		};
/* End PBXGroup section */

/* Begin PBXNativeTarget section */
		32ABC1372782F0B6000F7F26 /* MyMovieChart_OpenAPI */ = {
			isa = PBXNativeTarget;
			buildConfigurationList = 32ABC14C2782F0B9000F7F26 /* Build configuration list for PBXNativeTarget "MyMovieChart_OpenAPI" */;
			buildPhases = (
				32ABC1342782F0B6000F7F26 /* Sources */,
				32ABC1352782F0B6000F7F26 /* Frameworks */,
				32ABC1362782F0B6000F7F26 /* Resources */,
			);
			buildRules = (
			);
			dependencies = (
			);
			name = MyMovieChart_OpenAPI;
			productName = MyMovieChart_OpenAPI;
			productReference = 32ABC1382782F0B6000F7F26 /* MyMovieChart_OpenAPI.app */;
			productType = "com.apple.product-type.application";
		};
/* End PBXNativeTarget section */

/* Begin PBXProject section */
		32ABC1302782F0B6000F7F26 /* Project object */ = {
			isa = PBXProject;
			attributes = {
				LastSwiftUpdateCheck = 1250;
				LastUpgradeCheck = 1250;
				TargetAttributes = {
					32ABC1372782F0B6000F7F26 = {
						CreatedOnToolsVersion = 12.5.1;
					};
				};
			};
			buildConfigurationList = 32ABC1332782F0B6000F7F26 /* Build configuration list for PBXProject "MyMovieChart_OpenAPI" */;
			compatibilityVersion = "Xcode 9.3";
			developmentRegion = en;
			hasScannedForEncodings = 0;
			knownRegions = (
				en,
				Base,
			);
			mainGroup = 32ABC12F2782F0B6000F7F26;
			productRefGroup = 32ABC1392782F0B6000F7F26 /* Products */;
			projectDirPath = "";
			projectRoot = "";
			targets = (
				32ABC1372782F0B6000F7F26 /* MyMovieChart_OpenAPI */,
			);
		};
/* End PBXProject section */

/* Begin PBXResourcesBuildPhase section */
		32ABC1362782F0B6000F7F26 /* Resources */ = {
			isa = PBXResourcesBuildPhase;
			buildActionMask = 2147483647;
			files = (
				3268779B2785D598001D5464 /* darknight.jpg in Resources */,
				32ABC1482782F0B9000F7F26 /* LaunchScreen.storyboard in Resources */,
				3268779A2785D598001D5464 /* rain.jpg in Resources */,
				32ABC1452782F0B9000F7F26 /* Assets.xcassets in Resources */,
				32ABC1432782F0B6000F7F26 /* Main.storyboard in Resources */,
				326877992785D598001D5464 /* secret.jpg in Resources */,
			);
			runOnlyForDeploymentPostprocessing = 0;
		};
/* End PBXResourcesBuildPhase section */

/* Begin PBXSourcesBuildPhase section */
		32ABC1342782F0B6000F7F26 /* Sources */ = {
			isa = PBXSourcesBuildPhase;
			buildActionMask = 2147483647;
			files = (
				32ABC1402782F0B6000F7F26 /* ViewController.swift in Sources */,
				326877942785D45C001D5464 /* MovieVO.swift in Sources */,
				326877A12785D647001D5464 /* ListViewController.swift in Sources */,
				32ABC13C2782F0B6000F7F26 /* AppDelegate.swift in Sources */,
				3268779E2785D5BB001D5464 /* MovieCell.swift in Sources */,
				32ABC13E2782F0B6000F7F26 /* SceneDelegate.swift in Sources */,
			);
			runOnlyForDeploymentPostprocessing = 0;
		};
/* End PBXSourcesBuildPhase section */

/* Begin PBXVariantGroup section */
		32ABC1412782F0B6000F7F26 /* Main.storyboard */ = {
			isa = PBXVariantGroup;
			children = (
				32ABC1422782F0B6000F7F26 /* Base */,
			);
			name = Main.storyboard;
			sourceTree = "<group>";
		};
		32ABC1462782F0B9000F7F26 /* LaunchScreen.storyboard */ = {
			isa = PBXVariantGroup;
			children = (
				32ABC1472782F0B9000F7F26 /* Base */,
			);
			name = LaunchScreen.storyboard;
			sourceTree = "<group>";
		};
/* End PBXVariantGroup section */

/* Begin XCBuildConfiguration section */
		32ABC14A2782F0B9000F7F26 /* Debug */ = {
			isa = XCBuildConfiguration;
			buildSettings = {
				ALWAYS_SEARCH_USER_PATHS = NO;
				CLANG_ANALYZER_NONNULL = YES;
				CLANG_ANALYZER_NUMBER_OBJECT_CONVERSION = YES_AGGRESSIVE;
				CLANG_CXX_LANGUAGE_STANDARD = "gnu++14";
				CLANG_CXX_LIBRARY = "libc++";
				CLANG_ENABLE_MODULES = YES;
				CLANG_ENABLE_OBJC_ARC = YES;
				CLANG_ENABLE_OBJC_WEAK = YES;
				CLANG_WARN_BLOCK_CAPTURE_AUTORELEASING = YES;
				CLANG_WARN_BOOL_CONVERSION = YES;
				CLANG_WARN_COMMA = YES;
				CLANG_WARN_CONSTANT_CONVERSION = YES;
				CLANG_WARN_DEPRECATED_OBJC_IMPLEMENTATIONS = YES;
				CLANG_WARN_DIRECT_OBJC_ISA_USAGE = YES_ERROR;
				CLANG_WARN_DOCUMENTATION_COMMENTS = YES;
				CLANG_WARN_EMPTY_BODY = YES;
				CLANG_WARN_ENUM_CONVERSION = YES;
				CLANG_WARN_INFINITE_RECURSION = YES;
				CLANG_WARN_INT_CONVERSION = YES;
				CLANG_WARN_NON_LITERAL_NULL_CONVERSION = YES;
				CLANG_WARN_OBJC_IMPLICIT_RETAIN_SELF = YES;
				CLANG_WARN_OBJC_LITERAL_CONVERSION = YES;
				CLANG_WARN_OBJC_ROOT_CLASS = YES_ERROR;
				CLANG_WARN_QUOTED_INCLUDE_IN_FRAMEWORK_HEADER = YES;
				CLANG_WARN_RANGE_LOOP_ANALYSIS = YES;
				CLANG_WARN_STRICT_PROTOTYPES = YES;
				CLANG_WARN_SUSPICIOUS_MOVE = YES;
				CLANG_WARN_UNGUARDED_AVAILABILITY = YES_AGGRESSIVE;
				CLANG_WARN_UNREACHABLE_CODE = YES;
				CLANG_WARN__DUPLICATE_METHOD_MATCH = YES;
				COPY_PHASE_STRIP = NO;
				DEBUG_INFORMATION_FORMAT = dwarf;
				ENABLE_STRICT_OBJC_MSGSEND = YES;
				ENABLE_TESTABILITY = YES;
				GCC_C_LANGUAGE_STANDARD = gnu11;
				GCC_DYNAMIC_NO_PIC = NO;
				GCC_NO_COMMON_BLOCKS = YES;
				GCC_OPTIMIZATION_LEVEL = 0;
				GCC_PREPROCESSOR_DEFINITIONS = (
					"DEBUG=1",
					"$(inherited)",
				);
				GCC_WARN_64_TO_32_BIT_CONVERSION = YES;
				GCC_WARN_ABOUT_RETURN_TYPE = YES_ERROR;
				GCC_WARN_UNDECLARED_SELECTOR = YES;
				GCC_WARN_UNINITIALIZED_AUTOS = YES_AGGRESSIVE;
				GCC_WARN_UNUSED_FUNCTION = YES;
				GCC_WARN_UNUSED_VARIABLE = YES;
				IPHONEOS_DEPLOYMENT_TARGET = 14.5;
				MTL_ENABLE_DEBUG_INFO = INCLUDE_SOURCE;
				MTL_FAST_MATH = YES;
				ONLY_ACTIVE_ARCH = YES;
				SDKROOT = iphoneos;
				SWIFT_ACTIVE_COMPILATION_CONDITIONS = DEBUG;
				SWIFT_OPTIMIZATION_LEVEL = "-Onone";
			};
			name = Debug;
		};
		32ABC14B2782F0B9000F7F26 /* Release */ = {
			isa = XCBuildConfiguration;
			buildSettings = {
				ALWAYS_SEARCH_USER_PATHS = NO;
				CLANG_ANALYZER_NONNULL = YES;
				CLANG_ANALYZER_NUMBER_OBJECT_CONVERSION = YES_AGGRESSIVE;
				CLANG_CXX_LANGUAGE_STANDARD = "gnu++14";
				CLANG_CXX_LIBRARY = "libc++";
				CLANG_ENABLE_MODULES = YES;
				CLANG_ENABLE_OBJC_ARC = YES;
				CLANG_ENABLE_OBJC_WEAK = YES;
				CLANG_WARN_BLOCK_CAPTURE_AUTORELEASING = YES;
				CLANG_WARN_BOOL_CONVERSION = YES;
				CLANG_WARN_COMMA = YES;
				CLANG_WARN_CONSTANT_CONVERSION = YES;
				CLANG_WARN_DEPRECATED_OBJC_IMPLEMENTATIONS = YES;
				CLANG_WARN_DIRECT_OBJC_ISA_USAGE = YES_ERROR;
				CLANG_WARN_DOCUMENTATION_COMMENTS = YES;
				CLANG_WARN_EMPTY_BODY = YES;
				CLANG_WARN_ENUM_CONVERSION = YES;
				CLANG_WARN_INFINITE_RECURSION = YES;
				CLANG_WARN_INT_CONVERSION = YES;
				CLANG_WARN_NON_LITERAL_NULL_CONVERSION = YES;
				CLANG_WARN_OBJC_IMPLICIT_RETAIN_SELF = YES;
				CLANG_WARN_OBJC_LITERAL_CONVERSION = YES;
				CLANG_WARN_OBJC_ROOT_CLASS = YES_ERROR;
				CLANG_WARN_QUOTED_INCLUDE_IN_FRAMEWORK_HEADER = YES;
				CLANG_WARN_RANGE_LOOP_ANALYSIS = YES;
				CLANG_WARN_STRICT_PROTOTYPES = YES;
				CLANG_WARN_SUSPICIOUS_MOVE = YES;
				CLANG_WARN_UNGUARDED_AVAILABILITY = YES_AGGRESSIVE;
				CLANG_WARN_UNREACHABLE_CODE = YES;
				CLANG_WARN__DUPLICATE_METHOD_MATCH = YES;
				COPY_PHASE_STRIP = NO;
				DEBUG_INFORMATION_FORMAT = "dwarf-with-dsym";
				ENABLE_NS_ASSERTIONS = NO;
				ENABLE_STRICT_OBJC_MSGSEND = YES;
				GCC_C_LANGUAGE_STANDARD = gnu11;
				GCC_NO_COMMON_BLOCKS = YES;
				GCC_WARN_64_TO_32_BIT_CONVERSION = YES;
				GCC_WARN_ABOUT_RETURN_TYPE = YES_ERROR;
				GCC_WARN_UNDECLARED_SELECTOR = YES;
				GCC_WARN_UNINITIALIZED_AUTOS = YES_AGGRESSIVE;
				GCC_WARN_UNUSED_FUNCTION = YES;
				GCC_WARN_UNUSED_VARIABLE = YES;
				IPHONEOS_DEPLOYMENT_TARGET = 14.5;
				MTL_ENABLE_DEBUG_INFO = NO;
				MTL_FAST_MATH = YES;
				SDKROOT = iphoneos;
				SWIFT_COMPILATION_MODE = wholemodule;
				SWIFT_OPTIMIZATION_LEVEL = "-O";
				VALIDATE_PRODUCT = YES;
			};
			name = Release;
		};
		32ABC14D2782F0B9000F7F26 /* Debug */ = {
			isa = XCBuildConfiguration;
			buildSettings = {
				ASSETCATALOG_COMPILER_APPICON_NAME = AppIcon;
				ASSETCATALOG_COMPILER_GLOBAL_ACCENT_COLOR_NAME = AccentColor;
				CODE_SIGN_STYLE = Automatic;
				DEVELOPMENT_TEAM = 8Q6TQJ4346;
				INFOPLIST_FILE = MyMovieChart_OpenAPI/Info.plist;
				LD_RUNPATH_SEARCH_PATHS = (
					"$(inherited)",
					"@executable_path/Frameworks",
				);
				PRODUCT_BUNDLE_IDENTIFIER = "com.kyungdong.MyMovieChart-OpenAPI";
				PRODUCT_NAME = "$(TARGET_NAME)";
				SWIFT_VERSION = 5.0;
				TARGETED_DEVICE_FAMILY = "1,2";
			};
			name = Debug;
		};
		32ABC14E2782F0B9000F7F26 /* Release */ = {
			isa = XCBuildConfiguration;
			buildSettings = {
				ASSETCATALOG_COMPILER_APPICON_NAME = AppIcon;
				ASSETCATALOG_COMPILER_GLOBAL_ACCENT_COLOR_NAME = AccentColor;
				CODE_SIGN_STYLE = Automatic;
				DEVELOPMENT_TEAM = 8Q6TQJ4346;
				INFOPLIST_FILE = MyMovieChart_OpenAPI/Info.plist;
				LD_RUNPATH_SEARCH_PATHS = (
					"$(inherited)",
					"@executable_path/Frameworks",
				);
				PRODUCT_BUNDLE_IDENTIFIER = "com.kyungdong.MyMovieChart-OpenAPI";
				PRODUCT_NAME = "$(TARGET_NAME)";
				SWIFT_VERSION = 5.0;
				TARGETED_DEVICE_FAMILY = "1,2";
			};
			name = Release;
		};
/* End XCBuildConfiguration section */

/* Begin XCConfigurationList section */
		32ABC1332782F0B6000F7F26 /* Build configuration list for PBXProject "MyMovieChart_OpenAPI" */ = {
			isa = XCConfigurationList;
			buildConfigurations = (
				32ABC14A2782F0B9000F7F26 /* Debug */,
				32ABC14B2782F0B9000F7F26 /* Release */,
			);
			defaultConfigurationIsVisible = 0;
			defaultConfigurationName = Release;
		};
		32ABC14C2782F0B9000F7F26 /* Build configuration list for PBXNativeTarget "MyMovieChart_OpenAPI" */ = {
			isa = XCConfigurationList;
			buildConfigurations = (
				32ABC14D2782F0B9000F7F26 /* Debug */,
				32ABC14E2782F0B9000F7F26 /* Release */,
			);
			defaultConfigurationIsVisible = 0;
			defaultConfigurationName = Release;
		};
/* End XCConfigurationList section */
	};
	rootObject = 32ABC1302782F0B6000F7F26 /* Project object */;
}
