// !$*UTF8*$!
{
	archiveVersion = 1;
	classes = {
	};
	objectVersion = 50;
	objects = {

/* Begin PBXBuildFile section */
		3213A15B27818E4C00933754 /* AppDelegate.swift in Sources */ = {isa = PBXBuildFile; fileRef = 3213A15A27818E4C00933754 /* AppDelegate.swift */; };
		3213A15D27818E4C00933754 /* SceneDelegate.swift in Sources */ = {isa = PBXBuildFile; fileRef = 3213A15C27818E4C00933754 /* SceneDelegate.swift */; };
		3213A15F27818E4C00933754 /* ViewController.swift in Sources */ = {isa = PBXBuildFile; fileRef = 3213A15E27818E4C00933754 /* ViewController.swift */; };
		3213A16227818E4C00933754 /* Main.storyboard in Resources */ = {isa = PBXBuildFile; fileRef = 3213A16027818E4C00933754 /* Main.storyboard */; };
		3213A16427818E4D00933754 /* Assets.xcassets in Resources */ = {isa = PBXBuildFile; fileRef = 3213A16327818E4D00933754 /* Assets.xcassets */; };
		3213A16727818E4D00933754 /* LaunchScreen.storyboard in Resources */ = {isa = PBXBuildFile; fileRef = 3213A16527818E4D00933754 /* LaunchScreen.storyboard */; };
		3213A16F27818EF400933754 /* ListViewController.swift in Sources */ = {isa = PBXBuildFile; fileRef = 3213A16E27818EF400933754 /* ListViewController.swift */; };
		3213A17127818EFC00933754 /* MovieVO.swift in Sources */ = {isa = PBXBuildFile; fileRef = 3213A17027818EFC00933754 /* MovieVO.swift */; };
		3213A1732781912100933754 /* MovieCell.swift in Sources */ = {isa = PBXBuildFile; fileRef = 3213A1722781912100933754 /* MovieCell.swift */; };
		3213A179278193EE00933754 /* rain.jpg in Resources */ = {isa = PBXBuildFile; fileRef = 3213A176278193ED00933754 /* rain.jpg */; };
		3213A17A278193EE00933754 /* secret.jpg in Resources */ = {isa = PBXBuildFile; fileRef = 3213A177278193ED00933754 /* secret.jpg */; };
		3213A17B278193EE00933754 /* darknight.jpg in Resources */ = {isa = PBXBuildFile; fileRef = 3213A178278193ED00933754 /* darknight.jpg */; };
/* End PBXBuildFile section */

/* Begin PBXFileReference section */
		3213A15727818E4C00933754 /* MyMovieChart_Custom02.app */ = {isa = PBXFileReference; explicitFileType = wrapper.application; includeInIndex = 0; path = MyMovieChart_Custom02.app; sourceTree = BUILT_PRODUCTS_DIR; };
		3213A15A27818E4C00933754 /* AppDelegate.swift */ = {isa = PBXFileReference; lastKnownFileType = sourcecode.swift; path = AppDelegate.swift; sourceTree = "<group>"; };
		3213A15C27818E4C00933754 /* SceneDelegate.swift */ = {isa = PBXFileReference; lastKnownFileType = sourcecode.swift; path = SceneDelegate.swift; sourceTree = "<group>"; };
		3213A15E27818E4C00933754 /* ViewController.swift */ = {isa = PBXFileReference; lastKnownFileType = sourcecode.swift; path = ViewController.swift; sourceTree = "<group>"; };
		3213A16127818E4C00933754 /* Base */ = {isa = PBXFileReference; lastKnownFileType = file.storyboard; name = Base; path = Base.lproj/Main.storyboard; sourceTree = "<group>"; };
		3213A16327818E4D00933754 /* Assets.xcassets */ = {isa = PBXFileReference; lastKnownFileType = folder.assetcatalog; path = Assets.xcassets; sourceTree = "<group>"; };
		3213A16627818E4D00933754 /* Base */ = {isa = PBXFileReference; lastKnownFileType = file.storyboard; name = Base; path = Base.lproj/LaunchScreen.storyboard; sourceTree = "<group>"; };
		3213A16827818E4D00933754 /* Info.plist */ = {isa = PBXFileReference; lastKnownFileType = text.plist.xml; path = Info.plist; sourceTree = "<group>"; };
		3213A16E27818EF400933754 /* ListViewController.swift */ = {isa = PBXFileReference; lastKnownFileType = sourcecode.swift; path = ListViewController.swift; sourceTree = "<group>"; };
		3213A17027818EFC00933754 /* MovieVO.swift */ = {isa = PBXFileReference; lastKnownFileType = sourcecode.swift; path = MovieVO.swift; sourceTree = "<group>"; };
		3213A1722781912100933754 /* MovieCell.swift */ = {isa = PBXFileReference; lastKnownFileType = sourcecode.swift; path = MovieCell.swift; sourceTree = "<group>"; };
		3213A176278193ED00933754 /* rain.jpg */ = {isa = PBXFileReference; lastKnownFileType = image.jpeg; path = rain.jpg; sourceTree = "<group>"; };
		3213A177278193ED00933754 /* secret.jpg */ = {isa = PBXFileReference; lastKnownFileType = image.jpeg; path = secret.jpg; sourceTree = "<group>"; };
		3213A178278193ED00933754 /* darknight.jpg */ = {isa = PBXFileReference; lastKnownFileType = image.jpeg; path = darknight.jpg; sourceTree = "<group>"; };
/* End PBXFileReference section */

/* Begin PBXFrameworksBuildPhase section */
		3213A15427818E4B00933754 /* Frameworks */ = {
			isa = PBXFrameworksBuildPhase;
			buildActionMask = 2147483647;
			files = (
			);
			runOnlyForDeploymentPostprocessing = 0;
		};
/* End PBXFrameworksBuildPhase section */

/* Begin PBXGroup section */
		3213A14E27818E4B00933754 = {
			isa = PBXGroup;
			children = (
				3213A15927818E4C00933754 /* MyMovieChart_Custom02 */,
				3213A15827818E4C00933754 /* Products */,
			);
			sourceTree = "<group>";
		};
		3213A15827818E4C00933754 /* Products */ = {
			isa = PBXGroup;
			children = (
				3213A15727818E4C00933754 /* MyMovieChart_Custom02.app */,
			);
			name = Products;
			sourceTree = "<group>";
		};
		3213A15927818E4C00933754 /* MyMovieChart_Custom02 */ = {
			isa = PBXGroup;
			children = (
				3213A1752781938800933754 /* Resource */,
				3213A15A27818E4C00933754 /* AppDelegate.swift */,
				3213A15C27818E4C00933754 /* SceneDelegate.swift */,
				3213A15E27818E4C00933754 /* ViewController.swift */,
				3213A16027818E4C00933754 /* Main.storyboard */,
				3213A16327818E4D00933754 /* Assets.xcassets */,
				3213A16527818E4D00933754 /* LaunchScreen.storyboard */,
				3213A16827818E4D00933754 /* Info.plist */,
				3213A16E27818EF400933754 /* ListViewController.swift */,
				3213A17027818EFC00933754 /* MovieVO.swift */,
				3213A1722781912100933754 /* MovieCell.swift */,
			);
			path = MyMovieChart_Custom02;
			sourceTree = "<group>";
		};
		3213A1752781938800933754 /* Resource */ = {
			isa = PBXGroup;
			children = (
				3213A178278193ED00933754 /* darknight.jpg */,
				3213A176278193ED00933754 /* rain.jpg */,
				3213A177278193ED00933754 /* secret.jpg */,
			);
			path = Resource;
			sourceTree = "<group>";
		};
/* End PBXGroup section */

/* Begin PBXNativeTarget section */
		3213A15627818E4B00933754 /* MyMovieChart_Custom02 */ = {
			isa = PBXNativeTarget;
			buildConfigurationList = 3213A16B27818E4D00933754 /* Build configuration list for PBXNativeTarget "MyMovieChart_Custom02" */;
			buildPhases = (
				3213A15327818E4B00933754 /* Sources */,
				3213A15427818E4B00933754 /* Frameworks */,
				3213A15527818E4B00933754 /* Resources */,
			);
			buildRules = (
			);
			dependencies = (
			);
			name = MyMovieChart_Custom02;
			productName = MyMovieChart_Custom02;
			productReference = 3213A15727818E4C00933754 /* MyMovieChart_Custom02.app */;
			productType = "com.apple.product-type.application";
		};
/* End PBXNativeTarget section */

/* Begin PBXProject section */
		3213A14F27818E4B00933754 /* Project object */ = {
			isa = PBXProject;
			attributes = {
				LastSwiftUpdateCheck = 1250;
				LastUpgradeCheck = 1250;
				TargetAttributes = {
					3213A15627818E4B00933754 = {
						CreatedOnToolsVersion = 12.5.1;
					};
				};
			};
			buildConfigurationList = 3213A15227818E4B00933754 /* Build configuration list for PBXProject "MyMovieChart_Custom02" */;
			compatibilityVersion = "Xcode 9.3";
			developmentRegion = en;
			hasScannedForEncodings = 0;
			knownRegions = (
				en,
				Base,
			);
			mainGroup = 3213A14E27818E4B00933754;
			productRefGroup = 3213A15827818E4C00933754 /* Products */;
			projectDirPath = "";
			projectRoot = "";
			targets = (
				3213A15627818E4B00933754 /* MyMovieChart_Custom02 */,
			);
		};
/* End PBXProject section */

/* Begin PBXResourcesBuildPhase section */
		3213A15527818E4B00933754 /* Resources */ = {
			isa = PBXResourcesBuildPhase;
			buildActionMask = 2147483647;
			files = (
				3213A17B278193EE00933754 /* darknight.jpg in Resources */,
				3213A16727818E4D00933754 /* LaunchScreen.storyboard in Resources */,
				3213A179278193EE00933754 /* rain.jpg in Resources */,
				3213A16427818E4D00933754 /* Assets.xcassets in Resources */,
				3213A16227818E4C00933754 /* Main.storyboard in Resources */,
				3213A17A278193EE00933754 /* secret.jpg in Resources */,
			);
			runOnlyForDeploymentPostprocessing = 0;
		};
/* End PBXResourcesBuildPhase section */

/* Begin PBXSourcesBuildPhase section */
		3213A15327818E4B00933754 /* Sources */ = {
			isa = PBXSourcesBuildPhase;
			buildActionMask = 2147483647;
			files = (
				3213A15F27818E4C00933754 /* ViewController.swift in Sources */,
				3213A15B27818E4C00933754 /* AppDelegate.swift in Sources */,
				3213A1732781912100933754 /* MovieCell.swift in Sources */,
				3213A16F27818EF400933754 /* ListViewController.swift in Sources */,
				3213A15D27818E4C00933754 /* SceneDelegate.swift in Sources */,
				3213A17127818EFC00933754 /* MovieVO.swift in Sources */,
			);
			runOnlyForDeploymentPostprocessing = 0;
		};
/* End PBXSourcesBuildPhase section */

/* Begin PBXVariantGroup section */
		3213A16027818E4C00933754 /* Main.storyboard */ = {
			isa = PBXVariantGroup;
			children = (
				3213A16127818E4C00933754 /* Base */,
			);
			name = Main.storyboard;
			sourceTree = "<group>";
		};
		3213A16527818E4D00933754 /* LaunchScreen.storyboard */ = {
			isa = PBXVariantGroup;
			children = (
				3213A16627818E4D00933754 /* Base */,
			);
			name = LaunchScreen.storyboard;
			sourceTree = "<group>";
		};
/* End PBXVariantGroup section */

/* Begin XCBuildConfiguration section */
		3213A16927818E4D00933754 /* Debug */ = {
			isa = XCBuildConfiguration;
			buildSettings = {
				ALWAYS_SEARCH_USER_PATHS = NO;
				CLANG_ANALYZER_NONNULL = YES;
				CLANG_ANALYZER_NUMBER_OBJECT_CONVERSION = YES_AGGRESSIVE;
				CLANG_CXX_LANGUAGE_STANDARD = "gnu++14";
				CLANG_CXX_LIBRARY = "libc++";
				CLANG_ENABLE_MODULES = YES;
				CLANG_ENABLE_OBJC_ARC = YES;
				CLANG_ENABLE_OBJC_WEAK = YES;
				CLANG_WARN_BLOCK_CAPTURE_AUTORELEASING = YES;
				CLANG_WARN_BOOL_CONVERSION = YES;
				CLANG_WARN_COMMA = YES;
				CLANG_WARN_CONSTANT_CONVERSION = YES;
				CLANG_WARN_DEPRECATED_OBJC_IMPLEMENTATIONS = YES;
				CLANG_WARN_DIRECT_OBJC_ISA_USAGE = YES_ERROR;
				CLANG_WARN_DOCUMENTATION_COMMENTS = YES;
				CLANG_WARN_EMPTY_BODY = YES;
				CLANG_WARN_ENUM_CONVERSION = YES;
				CLANG_WARN_INFINITE_RECURSION = YES;
				CLANG_WARN_INT_CONVERSION = YES;
				CLANG_WARN_NON_LITERAL_NULL_CONVERSION = YES;
				CLANG_WARN_OBJC_IMPLICIT_RETAIN_SELF = YES;
				CLANG_WARN_OBJC_LITERAL_CONVERSION = YES;
				CLANG_WARN_OBJC_ROOT_CLASS = YES_ERROR;
				CLANG_WARN_QUOTED_INCLUDE_IN_FRAMEWORK_HEADER = YES;
				CLANG_WARN_RANGE_LOOP_ANALYSIS = YES;
				CLANG_WARN_STRICT_PROTOTYPES = YES;
				CLANG_WARN_SUSPICIOUS_MOVE = YES;
				CLANG_WARN_UNGUARDED_AVAILABILITY = YES_AGGRESSIVE;
				CLANG_WARN_UNREACHABLE_CODE = YES;
				CLANG_WARN__DUPLICATE_METHOD_MATCH = YES;
				COPY_PHASE_STRIP = NO;
				DEBUG_INFORMATION_FORMAT = dwarf;
				ENABLE_STRICT_OBJC_MSGSEND = YES;
				ENABLE_TESTABILITY = YES;
				GCC_C_LANGUAGE_STANDARD = gnu11;
				GCC_DYNAMIC_NO_PIC = NO;
				GCC_NO_COMMON_BLOCKS = YES;
				GCC_OPTIMIZATION_LEVEL = 0;
				GCC_PREPROCESSOR_DEFINITIONS = (
					"DEBUG=1",
					"$(inherited)",
				);
				GCC_WARN_64_TO_32_BIT_CONVERSION = YES;
				GCC_WARN_ABOUT_RETURN_TYPE = YES_ERROR;
				GCC_WARN_UNDECLARED_SELECTOR = YES;
				GCC_WARN_UNINITIALIZED_AUTOS = YES_AGGRESSIVE;
				GCC_WARN_UNUSED_FUNCTION = YES;
				GCC_WARN_UNUSED_VARIABLE = YES;
				IPHONEOS_DEPLOYMENT_TARGET = 14.5;
				MTL_ENABLE_DEBUG_INFO = INCLUDE_SOURCE;
				MTL_FAST_MATH = YES;
				ONLY_ACTIVE_ARCH = YES;
				SDKROOT = iphoneos;
				SWIFT_ACTIVE_COMPILATION_CONDITIONS = DEBUG;
				SWIFT_OPTIMIZATION_LEVEL = "-Onone";
			};
			name = Debug;
		};
		3213A16A27818E4D00933754 /* Release */ = {
			isa = XCBuildConfiguration;
			buildSettings = {
				ALWAYS_SEARCH_USER_PATHS = NO;
				CLANG_ANALYZER_NONNULL = YES;
				CLANG_ANALYZER_NUMBER_OBJECT_CONVERSION = YES_AGGRESSIVE;
				CLANG_CXX_LANGUAGE_STANDARD = "gnu++14";
				CLANG_CXX_LIBRARY = "libc++";
				CLANG_ENABLE_MODULES = YES;
				CLANG_ENABLE_OBJC_ARC = YES;
				CLANG_ENABLE_OBJC_WEAK = YES;
				CLANG_WARN_BLOCK_CAPTURE_AUTORELEASING = YES;
				CLANG_WARN_BOOL_CONVERSION = YES;
				CLANG_WARN_COMMA = YES;
				CLANG_WARN_CONSTANT_CONVERSION = YES;
				CLANG_WARN_DEPRECATED_OBJC_IMPLEMENTATIONS = YES;
				CLANG_WARN_DIRECT_OBJC_ISA_USAGE = YES_ERROR;
				CLANG_WARN_DOCUMENTATION_COMMENTS = YES;
				CLANG_WARN_EMPTY_BODY = YES;
				CLANG_WARN_ENUM_CONVERSION = YES;
				CLANG_WARN_INFINITE_RECURSION = YES;
				CLANG_WARN_INT_CONVERSION = YES;
				CLANG_WARN_NON_LITERAL_NULL_CONVERSION = YES;
				CLANG_WARN_OBJC_IMPLICIT_RETAIN_SELF = YES;
				CLANG_WARN_OBJC_LITERAL_CONVERSION = YES;
				CLANG_WARN_OBJC_ROOT_CLASS = YES_ERROR;
				CLANG_WARN_QUOTED_INCLUDE_IN_FRAMEWORK_HEADER = YES;
				CLANG_WARN_RANGE_LOOP_ANALYSIS = YES;
				CLANG_WARN_STRICT_PROTOTYPES = YES;
				CLANG_WARN_SUSPICIOUS_MOVE = YES;
				CLANG_WARN_UNGUARDED_AVAILABILITY = YES_AGGRESSIVE;
				CLANG_WARN_UNREACHABLE_CODE = YES;
				CLANG_WARN__DUPLICATE_METHOD_MATCH = YES;
				COPY_PHASE_STRIP = NO;
				DEBUG_INFORMATION_FORMAT = "dwarf-with-dsym";
				ENABLE_NS_ASSERTIONS = NO;
				ENABLE_STRICT_OBJC_MSGSEND = YES;
				GCC_C_LANGUAGE_STANDARD = gnu11;
				GCC_NO_COMMON_BLOCKS = YES;
				GCC_WARN_64_TO_32_BIT_CONVERSION = YES;
				GCC_WARN_ABOUT_RETURN_TYPE = YES_ERROR;
				GCC_WARN_UNDECLARED_SELECTOR = YES;
				GCC_WARN_UNINITIALIZED_AUTOS = YES_AGGRESSIVE;
				GCC_WARN_UNUSED_FUNCTION = YES;
				GCC_WARN_UNUSED_VARIABLE = YES;
				IPHONEOS_DEPLOYMENT_TARGET = 14.5;
				MTL_ENABLE_DEBUG_INFO = NO;
				MTL_FAST_MATH = YES;
				SDKROOT = iphoneos;
				SWIFT_COMPILATION_MODE = wholemodule;
				SWIFT_OPTIMIZATION_LEVEL = "-O";
				VALIDATE_PRODUCT = YES;
			};
			name = Release;
		};
		3213A16C27818E4D00933754 /* Debug */ = {
			isa = XCBuildConfiguration;
			buildSettings = {
				ASSETCATALOG_COMPILER_APPICON_NAME = AppIcon;
				ASSETCATALOG_COMPILER_GLOBAL_ACCENT_COLOR_NAME = AccentColor;
				CODE_SIGN_STYLE = Automatic;
				DEVELOPMENT_TEAM = 8Q6TQJ4346;
				INFOPLIST_FILE = MyMovieChart_Custom02/Info.plist;
				LD_RUNPATH_SEARCH_PATHS = (
					"$(inherited)",
					"@executable_path/Frameworks",
				);
				PRODUCT_BUNDLE_IDENTIFIER = "com.kyungdong.MyMovieChart-Custom02";
				PRODUCT_NAME = "$(TARGET_NAME)";
				SWIFT_VERSION = 5.0;
				TARGETED_DEVICE_FAMILY = "1,2";
			};
			name = Debug;
		};
		3213A16D27818E4D00933754 /* Release */ = {
			isa = XCBuildConfiguration;
			buildSettings = {
				ASSETCATALOG_COMPILER_APPICON_NAME = AppIcon;
				ASSETCATALOG_COMPILER_GLOBAL_ACCENT_COLOR_NAME = AccentColor;
				CODE_SIGN_STYLE = Automatic;
				DEVELOPMENT_TEAM = 8Q6TQJ4346;
				INFOPLIST_FILE = MyMovieChart_Custom02/Info.plist;
				LD_RUNPATH_SEARCH_PATHS = (
					"$(inherited)",
					"@executable_path/Frameworks",
				);
				PRODUCT_BUNDLE_IDENTIFIER = "com.kyungdong.MyMovieChart-Custom02";
				PRODUCT_NAME = "$(TARGET_NAME)";
				SWIFT_VERSION = 5.0;
				TARGETED_DEVICE_FAMILY = "1,2";
			};
			name = Release;
		};
/* End XCBuildConfiguration section */

/* Begin XCConfigurationList section */
		3213A15227818E4B00933754 /* Build configuration list for PBXProject "MyMovieChart_Custom02" */ = {
			isa = XCConfigurationList;
			buildConfigurations = (
				3213A16927818E4D00933754 /* Debug */,
				3213A16A27818E4D00933754 /* Release */,
			);
			defaultConfigurationIsVisible = 0;
			defaultConfigurationName = Release;
		};
		3213A16B27818E4D00933754 /* Build configuration list for PBXNativeTarget "MyMovieChart_Custom02" */ = {
			isa = XCConfigurationList;
			buildConfigurations = (
				3213A16C27818E4D00933754 /* Debug */,
				3213A16D27818E4D00933754 /* Release */,
			);
			defaultConfigurationIsVisible = 0;
			defaultConfigurationName = Release;
		};
/* End XCConfigurationList section */
	};
	rootObject = 3213A14F27818E4B00933754 /* Project object */;
}
