// !$*UTF8*$!
{
	archiveVersion = 1;
	classes = {
	};
	objectVersion = 50;
	objects = {

/* Begin PBXBuildFile section */
		326EFD4C277CAE0400293297 /* AppDelegate.swift in Sources */ = {isa = PBXBuildFile; fileRef = 326EFD4B277CAE0400293297 /* AppDelegate.swift */; };
		326EFD4E277CAE0400293297 /* SceneDelegate.swift in Sources */ = {isa = PBXBuildFile; fileRef = 326EFD4D277CAE0400293297 /* SceneDelegate.swift */; };
		326EFD50277CAE0400293297 /* ViewController.swift in Sources */ = {isa = PBXBuildFile; fileRef = 326EFD4F277CAE0400293297 /* ViewController.swift */; };
		326EFD53277CAE0400293297 /* Main.storyboard in Resources */ = {isa = PBXBuildFile; fileRef = 326EFD51277CAE0400293297 /* Main.storyboard */; };
		326EFD55277CAE0600293297 /* Assets.xcassets in Resources */ = {isa = PBXBuildFile; fileRef = 326EFD54277CAE0600293297 /* Assets.xcassets */; };
		326EFD58277CAE0600293297 /* LaunchScreen.storyboard in Resources */ = {isa = PBXBuildFile; fileRef = 326EFD56277CAE0600293297 /* LaunchScreen.storyboard */; };
		326EFD60277CAE2C00293297 /* FromViewController.swift in Sources */ = {isa = PBXBuildFile; fileRef = 326EFD5F277CAE2C00293297 /* FromViewController.swift */; };
/* End PBXBuildFile section */

/* Begin PBXFileReference section */
		326EFD48277CAE0400293297 /* SubmitValue-AppDelegate.app */ = {isa = PBXFileReference; explicitFileType = wrapper.application; includeInIndex = 0; path = "SubmitValue-AppDelegate.app"; sourceTree = BUILT_PRODUCTS_DIR; };
		326EFD4B277CAE0400293297 /* AppDelegate.swift */ = {isa = PBXFileReference; lastKnownFileType = sourcecode.swift; path = AppDelegate.swift; sourceTree = "<group>"; };
		326EFD4D277CAE0400293297 /* SceneDelegate.swift */ = {isa = PBXFileReference; lastKnownFileType = sourcecode.swift; path = SceneDelegate.swift; sourceTree = "<group>"; };
		326EFD4F277CAE0400293297 /* ViewController.swift */ = {isa = PBXFileReference; lastKnownFileType = sourcecode.swift; path = ViewController.swift; sourceTree = "<group>"; };
		326EFD52277CAE0400293297 /* Base */ = {isa = PBXFileReference; lastKnownFileType = file.storyboard; name = Base; path = Base.lproj/Main.storyboard; sourceTree = "<group>"; };
		326EFD54277CAE0600293297 /* Assets.xcassets */ = {isa = PBXFileReference; lastKnownFileType = folder.assetcatalog; path = Assets.xcassets; sourceTree = "<group>"; };
		326EFD57277CAE0600293297 /* Base */ = {isa = PBXFileReference; lastKnownFileType = file.storyboard; name = Base; path = Base.lproj/LaunchScreen.storyboard; sourceTree = "<group>"; };
		326EFD59277CAE0600293297 /* Info.plist */ = {isa = PBXFileReference; lastKnownFileType = text.plist.xml; path = Info.plist; sourceTree = "<group>"; };
		326EFD5F277CAE2C00293297 /* FromViewController.swift */ = {isa = PBXFileReference; lastKnownFileType = sourcecode.swift; path = FromViewController.swift; sourceTree = "<group>"; };
/* End PBXFileReference section */

/* Begin PBXFrameworksBuildPhase section */
		326EFD45277CAE0400293297 /* Frameworks */ = {
			isa = PBXFrameworksBuildPhase;
			buildActionMask = 2147483647;
			files = (
			);
			runOnlyForDeploymentPostprocessing = 0;
		};
/* End PBXFrameworksBuildPhase section */

/* Begin PBXGroup section */
		326EFD3F277CAE0400293297 = {
			isa = PBXGroup;
			children = (
				326EFD4A277CAE0400293297 /* SubmitValue-AppDelegate */,
				326EFD49277CAE0400293297 /* Products */,
			);
			sourceTree = "<group>";
		};
		326EFD49277CAE0400293297 /* Products */ = {
			isa = PBXGroup;
			children = (
				326EFD48277CAE0400293297 /* SubmitValue-AppDelegate.app */,
			);
			name = Products;
			sourceTree = "<group>";
		};
		326EFD4A277CAE0400293297 /* SubmitValue-AppDelegate */ = {
			isa = PBXGroup;
			children = (
				326EFD4B277CAE0400293297 /* AppDelegate.swift */,
				326EFD4D277CAE0400293297 /* SceneDelegate.swift */,
				326EFD4F277CAE0400293297 /* ViewController.swift */,
				326EFD51277CAE0400293297 /* Main.storyboard */,
				326EFD54277CAE0600293297 /* Assets.xcassets */,
				326EFD56277CAE0600293297 /* LaunchScreen.storyboard */,
				326EFD59277CAE0600293297 /* Info.plist */,
				326EFD5F277CAE2C00293297 /* FromViewController.swift */,
			);
			path = "SubmitValue-AppDelegate";
			sourceTree = "<group>";
		};
/* End PBXGroup section */

/* Begin PBXNativeTarget section */
		326EFD47277CAE0400293297 /* SubmitValue-AppDelegate */ = {
			isa = PBXNativeTarget;
			buildConfigurationList = 326EFD5C277CAE0600293297 /* Build configuration list for PBXNativeTarget "SubmitValue-AppDelegate" */;
			buildPhases = (
				326EFD44277CAE0400293297 /* Sources */,
				326EFD45277CAE0400293297 /* Frameworks */,
				326EFD46277CAE0400293297 /* Resources */,
			);
			buildRules = (
			);
			dependencies = (
			);
			name = "SubmitValue-AppDelegate";
			productName = "SubmitValue-AppDelegate";
			productReference = 326EFD48277CAE0400293297 /* SubmitValue-AppDelegate.app */;
			productType = "com.apple.product-type.application";
		};
/* End PBXNativeTarget section */

/* Begin PBXProject section */
		326EFD40277CAE0400293297 /* Project object */ = {
			isa = PBXProject;
			attributes = {
				LastSwiftUpdateCheck = 1250;
				LastUpgradeCheck = 1250;
				TargetAttributes = {
					326EFD47277CAE0400293297 = {
						CreatedOnToolsVersion = 12.5.1;
					};
				};
			};
			buildConfigurationList = 326EFD43277CAE0400293297 /* Build configuration list for PBXProject "SubmitValue-AppDelegate" */;
			compatibilityVersion = "Xcode 9.3";
			developmentRegion = en;
			hasScannedForEncodings = 0;
			knownRegions = (
				en,
				Base,
			);
			mainGroup = 326EFD3F277CAE0400293297;
			productRefGroup = 326EFD49277CAE0400293297 /* Products */;
			projectDirPath = "";
			projectRoot = "";
			targets = (
				326EFD47277CAE0400293297 /* SubmitValue-AppDelegate */,
			);
		};
/* End PBXProject section */

/* Begin PBXResourcesBuildPhase section */
		326EFD46277CAE0400293297 /* Resources */ = {
			isa = PBXResourcesBuildPhase;
			buildActionMask = 2147483647;
			files = (
				326EFD58277CAE0600293297 /* LaunchScreen.storyboard in Resources */,
				326EFD55277CAE0600293297 /* Assets.xcassets in Resources */,
				326EFD53277CAE0400293297 /* Main.storyboard in Resources */,
			);
			runOnlyForDeploymentPostprocessing = 0;
		};
/* End PBXResourcesBuildPhase section */

/* Begin PBXSourcesBuildPhase section */
		326EFD44277CAE0400293297 /* Sources */ = {
			isa = PBXSourcesBuildPhase;
			buildActionMask = 2147483647;
			files = (
				326EFD50277CAE0400293297 /* ViewController.swift in Sources */,
				326EFD4C277CAE0400293297 /* AppDelegate.swift in Sources */,
				326EFD60277CAE2C00293297 /* FromViewController.swift in Sources */,
				326EFD4E277CAE0400293297 /* SceneDelegate.swift in Sources */,
			);
			runOnlyForDeploymentPostprocessing = 0;
		};
/* End PBXSourcesBuildPhase section */

/* Begin PBXVariantGroup section */
		326EFD51277CAE0400293297 /* Main.storyboard */ = {
			isa = PBXVariantGroup;
			children = (
				326EFD52277CAE0400293297 /* Base */,
			);
			name = Main.storyboard;
			sourceTree = "<group>";
		};
		326EFD56277CAE0600293297 /* LaunchScreen.storyboard */ = {
			isa = PBXVariantGroup;
			children = (
				326EFD57277CAE0600293297 /* Base */,
			);
			name = LaunchScreen.storyboard;
			sourceTree = "<group>";
		};
/* End PBXVariantGroup section */

/* Begin XCBuildConfiguration section */
		326EFD5A277CAE0600293297 /* Debug */ = {
			isa = XCBuildConfiguration;
			buildSettings = {
				ALWAYS_SEARCH_USER_PATHS = NO;
				CLANG_ANALYZER_NONNULL = YES;
				CLANG_ANALYZER_NUMBER_OBJECT_CONVERSION = YES_AGGRESSIVE;
				CLANG_CXX_LANGUAGE_STANDARD = "gnu++14";
				CLANG_CXX_LIBRARY = "libc++";
				CLANG_ENABLE_MODULES = YES;
				CLANG_ENABLE_OBJC_ARC = YES;
				CLANG_ENABLE_OBJC_WEAK = YES;
				CLANG_WARN_BLOCK_CAPTURE_AUTORELEASING = YES;
				CLANG_WARN_BOOL_CONVERSION = YES;
				CLANG_WARN_COMMA = YES;
				CLANG_WARN_CONSTANT_CONVERSION = YES;
				CLANG_WARN_DEPRECATED_OBJC_IMPLEMENTATIONS = YES;
				CLANG_WARN_DIRECT_OBJC_ISA_USAGE = YES_ERROR;
				CLANG_WARN_DOCUMENTATION_COMMENTS = YES;
				CLANG_WARN_EMPTY_BODY = YES;
				CLANG_WARN_ENUM_CONVERSION = YES;
				CLANG_WARN_INFINITE_RECURSION = YES;
				CLANG_WARN_INT_CONVERSION = YES;
				CLANG_WARN_NON_LITERAL_NULL_CONVERSION = YES;
				CLANG_WARN_OBJC_IMPLICIT_RETAIN_SELF = YES;
				CLANG_WARN_OBJC_LITERAL_CONVERSION = YES;
				CLANG_WARN_OBJC_ROOT_CLASS = YES_ERROR;
				CLANG_WARN_QUOTED_INCLUDE_IN_FRAMEWORK_HEADER = YES;
				CLANG_WARN_RANGE_LOOP_ANALYSIS = YES;
				CLANG_WARN_STRICT_PROTOTYPES = YES;
				CLANG_WARN_SUSPICIOUS_MOVE = YES;
				CLANG_WARN_UNGUARDED_AVAILABILITY = YES_AGGRESSIVE;
				CLANG_WARN_UNREACHABLE_CODE = YES;
				CLANG_WARN__DUPLICATE_METHOD_MATCH = YES;
				COPY_PHASE_STRIP = NO;
				DEBUG_INFORMATION_FORMAT = dwarf;
				ENABLE_STRICT_OBJC_MSGSEND = YES;
				ENABLE_TESTABILITY = YES;
				GCC_C_LANGUAGE_STANDARD = gnu11;
				GCC_DYNAMIC_NO_PIC = NO;
				GCC_NO_COMMON_BLOCKS = YES;
				GCC_OPTIMIZATION_LEVEL = 0;
				GCC_PREPROCESSOR_DEFINITIONS = (
					"DEBUG=1",
					"$(inherited)",
				);
				GCC_WARN_64_TO_32_BIT_CONVERSION = YES;
				GCC_WARN_ABOUT_RETURN_TYPE = YES_ERROR;
				GCC_WARN_UNDECLARED_SELECTOR = YES;
				GCC_WARN_UNINITIALIZED_AUTOS = YES_AGGRESSIVE;
				GCC_WARN_UNUSED_FUNCTION = YES;
				GCC_WARN_UNUSED_VARIABLE = YES;
				IPHONEOS_DEPLOYMENT_TARGET = 14.5;
				MTL_ENABLE_DEBUG_INFO = INCLUDE_SOURCE;
				MTL_FAST_MATH = YES;
				ONLY_ACTIVE_ARCH = YES;
				SDKROOT = iphoneos;
				SWIFT_ACTIVE_COMPILATION_CONDITIONS = DEBUG;
				SWIFT_OPTIMIZATION_LEVEL = "-Onone";
			};
			name = Debug;
		};
		326EFD5B277CAE0600293297 /* Release */ = {
			isa = XCBuildConfiguration;
			buildSettings = {
				ALWAYS_SEARCH_USER_PATHS = NO;
				CLANG_ANALYZER_NONNULL = YES;
				CLANG_ANALYZER_NUMBER_OBJECT_CONVERSION = YES_AGGRESSIVE;
				CLANG_CXX_LANGUAGE_STANDARD = "gnu++14";
				CLANG_CXX_LIBRARY = "libc++";
				CLANG_ENABLE_MODULES = YES;
				CLANG_ENABLE_OBJC_ARC = YES;
				CLANG_ENABLE_OBJC_WEAK = YES;
				CLANG_WARN_BLOCK_CAPTURE_AUTORELEASING = YES;
				CLANG_WARN_BOOL_CONVERSION = YES;
				CLANG_WARN_COMMA = YES;
				CLANG_WARN_CONSTANT_CONVERSION = YES;
				CLANG_WARN_DEPRECATED_OBJC_IMPLEMENTATIONS = YES;
				CLANG_WARN_DIRECT_OBJC_ISA_USAGE = YES_ERROR;
				CLANG_WARN_DOCUMENTATION_COMMENTS = YES;
				CLANG_WARN_EMPTY_BODY = YES;
				CLANG_WARN_ENUM_CONVERSION = YES;
				CLANG_WARN_INFINITE_RECURSION = YES;
				CLANG_WARN_INT_CONVERSION = YES;
				CLANG_WARN_NON_LITERAL_NULL_CONVERSION = YES;
				CLANG_WARN_OBJC_IMPLICIT_RETAIN_SELF = YES;
				CLANG_WARN_OBJC_LITERAL_CONVERSION = YES;
				CLANG_WARN_OBJC_ROOT_CLASS = YES_ERROR;
				CLANG_WARN_QUOTED_INCLUDE_IN_FRAMEWORK_HEADER = YES;
				CLANG_WARN_RANGE_LOOP_ANALYSIS = YES;
				CLANG_WARN_STRICT_PROTOTYPES = YES;
				CLANG_WARN_SUSPICIOUS_MOVE = YES;
				CLANG_WARN_UNGUARDED_AVAILABILITY = YES_AGGRESSIVE;
				CLANG_WARN_UNREACHABLE_CODE = YES;
				CLANG_WARN__DUPLICATE_METHOD_MATCH = YES;
				COPY_PHASE_STRIP = NO;
				DEBUG_INFORMATION_FORMAT = "dwarf-with-dsym";
				ENABLE_NS_ASSERTIONS = NO;
				ENABLE_STRICT_OBJC_MSGSEND = YES;
				GCC_C_LANGUAGE_STANDARD = gnu11;
				GCC_NO_COMMON_BLOCKS = YES;
				GCC_WARN_64_TO_32_BIT_CONVERSION = YES;
				GCC_WARN_ABOUT_RETURN_TYPE = YES_ERROR;
				GCC_WARN_UNDECLARED_SELECTOR = YES;
				GCC_WARN_UNINITIALIZED_AUTOS = YES_AGGRESSIVE;
				GCC_WARN_UNUSED_FUNCTION = YES;
				GCC_WARN_UNUSED_VARIABLE = YES;
				IPHONEOS_DEPLOYMENT_TARGET = 14.5;
				MTL_ENABLE_DEBUG_INFO = NO;
				MTL_FAST_MATH = YES;
				SDKROOT = iphoneos;
				SWIFT_COMPILATION_MODE = wholemodule;
				SWIFT_OPTIMIZATION_LEVEL = "-O";
				VALIDATE_PRODUCT = YES;
			};
			name = Release;
		};
		326EFD5D277CAE0600293297 /* Debug */ = {
			isa = XCBuildConfiguration;
			buildSettings = {
				ASSETCATALOG_COMPILER_APPICON_NAME = AppIcon;
				ASSETCATALOG_COMPILER_GLOBAL_ACCENT_COLOR_NAME = AccentColor;
				CODE_SIGN_STYLE = Automatic;
				DEVELOPMENT_TEAM = 8Q6TQJ4346;
				INFOPLIST_FILE = "SubmitValue-AppDelegate/Info.plist";
				LD_RUNPATH_SEARCH_PATHS = (
					"$(inherited)",
					"@executable_path/Frameworks",
				);
				PRODUCT_BUNDLE_IDENTIFIER = "com.kyungdong.SubmitValue-AppDelegate";
				PRODUCT_NAME = "$(TARGET_NAME)";
				SWIFT_VERSION = 5.0;
				TARGETED_DEVICE_FAMILY = "1,2";
			};
			name = Debug;
		};
		326EFD5E277CAE0600293297 /* Release */ = {
			isa = XCBuildConfiguration;
			buildSettings = {
				ASSETCATALOG_COMPILER_APPICON_NAME = AppIcon;
				ASSETCATALOG_COMPILER_GLOBAL_ACCENT_COLOR_NAME = AccentColor;
				CODE_SIGN_STYLE = Automatic;
				DEVELOPMENT_TEAM = 8Q6TQJ4346;
				INFOPLIST_FILE = "SubmitValue-AppDelegate/Info.plist";
				LD_RUNPATH_SEARCH_PATHS = (
					"$(inherited)",
					"@executable_path/Frameworks",
				);
				PRODUCT_BUNDLE_IDENTIFIER = "com.kyungdong.SubmitValue-AppDelegate";
				PRODUCT_NAME = "$(TARGET_NAME)";
				SWIFT_VERSION = 5.0;
				TARGETED_DEVICE_FAMILY = "1,2";
			};
			name = Release;
		};
/* End XCBuildConfiguration section */

/* Begin XCConfigurationList section */
		326EFD43277CAE0400293297 /* Build configuration list for PBXProject "SubmitValue-AppDelegate" */ = {
			isa = XCConfigurationList;
			buildConfigurations = (
				326EFD5A277CAE0600293297 /* Debug */,
				326EFD5B277CAE0600293297 /* Release */,
			);
			defaultConfigurationIsVisible = 0;
			defaultConfigurationName = Release;
		};
		326EFD5C277CAE0600293297 /* Build configuration list for PBXNativeTarget "SubmitValue-AppDelegate" */ = {
			isa = XCConfigurationList;
			buildConfigurations = (
				326EFD5D277CAE0600293297 /* Debug */,
				326EFD5E277CAE0600293297 /* Release */,
			);
			defaultConfigurationIsVisible = 0;
			defaultConfigurationName = Release;
		};
/* End XCConfigurationList section */
	};
	rootObject = 326EFD40277CAE0400293297 /* Project object */;
}
